
Microsoft Visual Studio Solution File, Format Version 12.00
# Visual Studio 15
VisualStudioVersion = 15.0.27004.2006
MinimumVisualStudioVersion = 10.0.40219.1
Project("{9A19103F-16F7-4668-BE54-9A1E7A4F7556}") = "ProcessManager.Service", "ProcessManager.Service\ProcessManager.Service.csproj", "{DAA228F7-A018-47BD-8749-1D9B2EDA8392}"
EndProject
Global
	GlobalSection(SolutionConfigurationPlatforms) = preSolution
		Debug|Any CPU = Debug|Any CPU
		Release|Any CPU = Release|Any CPU
	EndGlobalSection
	GlobalSection(ProjectConfigurationPlatforms) = postSolution
		{DAA228F7-A018-47BD-8749-1D9B2EDA8392}.Debug|Any CPU.ActiveCfg = Debug|Any CPU
		{DAA228F7-A018-47BD-8749-1D9B2EDA8392}.Debug|Any CPU.Build.0 = Debug|Any CPU
		{DAA228F7-A018-47BD-8749-1D9B2EDA8392}.Release|Any CPU.ActiveCfg = Release|Any CPU
		{DAA228F7-A018-47BD-8749-1D9B2EDA8392}.Release|Any CPU.Build.0 = Release|Any CPU
	EndGlobalSection
	GlobalSection(SolutionProperties) = preSolution
		HideSolutionNode = FALSE
	EndGlobalSection
	GlobalSection(ExtensibilityGlobals) = postSolution
		SolutionGuid = {1C568270-2A68-4E32-865A-252479E899D3}
	EndGlobalSection
EndGlobal
